
Microsoft Visual Studio Solution File, Format Version 12.00
# Visual Studio 15
VisualStudioVersion = 15.0.26124.0
MinimumVisualStudioVersion = 15.0.26124.0
Project("{FAE04EC0-301F-11D3-BF4B-00C04F79EFBC}") = "DerombaB.AspNetCore.FlashExtensions", "DerombaB.AspNetCore.FlashExtensions\DerombaB.AspNetCore.FlashExtensions.csproj", "{EDF02725-DD91-44A1-9D7E-8CD047AFC592}"
EndProject
Project("{FAE04EC0-301F-11D3-BF4B-00C04F79EFBC}") = "DerombaB.AspNetCore.FlashExtensions.Tests", "DerombaB.AspNetCore.FlashExtensions.Tests\DerombaB.AspNetCore.FlashExtensions.Tests.csproj", "{4A597BDE-A2C0-46FD-83C7-959A086BAA71}"
EndProject
Global
	GlobalSection(SolutionConfigurationPlatforms) = preSolution
		Debug|Any CPU = Debug|Any CPU
		Debug|x64 = Debug|x64
		Debug|x86 = Debug|x86
		Release|Any CPU = Release|Any CPU
		Release|x64 = Release|x64
		Release|x86 = Release|x86
	EndGlobalSection
	GlobalSection(SolutionProperties) = preSolution
		HideSolutionNode = FALSE
	EndGlobalSection
	GlobalSection(ProjectConfigurationPlatforms) = postSolution
		{EDF02725-DD91-44A1-9D7E-8CD047AFC592}.Debug|Any CPU.ActiveCfg = Debug|Any CPU
		{EDF02725-DD91-44A1-9D7E-8CD047AFC592}.Debug|Any CPU.Build.0 = Debug|Any CPU
		{EDF02725-DD91-44A1-9D7E-8CD047AFC592}.Debug|x64.ActiveCfg = Debug|Any CPU
		{EDF02725-DD91-44A1-9D7E-8CD047AFC592}.Debug|x64.Build.0 = Debug|Any CPU
		{EDF02725-DD91-44A1-9D7E-8CD047AFC592}.Debug|x86.ActiveCfg = Debug|Any CPU
		{EDF02725-DD91-44A1-9D7E-8CD047AFC592}.Debug|x86.Build.0 = Debug|Any CPU
		{EDF02725-DD91-44A1-9D7E-8CD047AFC592}.Release|Any CPU.ActiveCfg = Release|Any CPU
		{EDF02725-DD91-44A1-9D7E-8CD047AFC592}.Release|Any CPU.Build.0 = Release|Any CPU
		{EDF02725-DD91-44A1-9D7E-8CD047AFC592}.Release|x64.ActiveCfg = Release|Any CPU
		{EDF02725-DD91-44A1-9D7E-8CD047AFC592}.Release|x64.Build.0 = Release|Any CPU
		{EDF02725-DD91-44A1-9D7E-8CD047AFC592}.Release|x86.ActiveCfg = Release|Any CPU
		{EDF02725-DD91-44A1-9D7E-8CD047AFC592}.Release|x86.Build.0 = Release|Any CPU
		{4A597BDE-A2C0-46FD-83C7-959A086BAA71}.Debug|Any CPU.ActiveCfg = Debug|Any CPU
		{4A597BDE-A2C0-46FD-83C7-959A086BAA71}.Debug|Any CPU.Build.0 = Debug|Any CPU
		{4A597BDE-A2C0-46FD-83C7-959A086BAA71}.Debug|x64.ActiveCfg = Debug|Any CPU
		{4A597BDE-A2C0-46FD-83C7-959A086BAA71}.Debug|x64.Build.0 = Debug|Any CPU
		{4A597BDE-A2C0-46FD-83C7-959A086BAA71}.Debug|x86.ActiveCfg = Debug|Any CPU
		{4A597BDE-A2C0-46FD-83C7-959A086BAA71}.Debug|x86.Build.0 = Debug|Any CPU
		{4A597BDE-A2C0-46FD-83C7-959A086BAA71}.Release|Any CPU.ActiveCfg = Release|Any CPU
		{4A597BDE-A2C0-46FD-83C7-959A086BAA71}.Release|Any CPU.Build.0 = Release|Any CPU
		{4A597BDE-A2C0-46FD-83C7-959A086BAA71}.Release|x64.ActiveCfg = Release|Any CPU
		{4A597BDE-A2C0-46FD-83C7-959A086BAA71}.Release|x64.Build.0 = Release|Any CPU
		{4A597BDE-A2C0-46FD-83C7-959A086BAA71}.Release|x86.ActiveCfg = Release|Any CPU
		{4A597BDE-A2C0-46FD-83C7-959A086BAA71}.Release|x86.Build.0 = Release|Any CPU
	EndGlobalSection
EndGlobal
